{
  "object": {
    "pins": [
      {
        "package": "Raylib",
        "repositoryURL": "https://github.com/STREGAsGate/Raylib.git",
        "state": {
          "branch": "master",
          "revision": "e7cbfd48d26f85994fecc85881b4f38ca23516a3",
          "version": null
        }
      },
      {
        "package": "SwiftRaylibGui",
        "repositoryURL": "git@github.com:xiroV/SwiftRaylibGui.git",
        "state": {
          "branch": "main",
          "revision": "06da448c637716c4769eb1ffd9a7e2013858291a",
          "version": null
        }
      }
    ]
  },
  "version": 1
}
